// !$*UTF8*$!
{
	archiveVersion = 1;
	classes = {
	};
	objectVersion = 55;
	objects = {

/* Begin PBXBuildFile section */
		C62E9EDC2873887A0048C8D4 /* Datafox_ChatApp.swift in Sources */ = {isa = PBXBuildFile; fileRef = C62E9EDB2873887A0048C8D4 /* Datafox_ChatApp.swift */; };
		C62E9EDE2873887A0048C8D4 /* RootView.swift in Sources */ = {isa = PBXBuildFile; fileRef = C62E9EDD2873887A0048C8D4 /* RootView.swift */; };
		C62E9EE02873887C0048C8D4 /* Assets.xcassets in Resources */ = {isa = PBXBuildFile; fileRef = C62E9EDF2873887C0048C8D4 /* Assets.xcassets */; };
		C62E9EE32873887C0048C8D4 /* Preview Assets.xcassets in Resources */ = {isa = PBXBuildFile; fileRef = C62E9EE22873887C0048C8D4 /* Preview Assets.xcassets */; };
		C62E9EF32873AC2E0048C8D4 /* LexendDeca-SemiBold.ttf in Resources */ = {isa = PBXBuildFile; fileRef = C62E9EF02873AC2E0048C8D4 /* LexendDeca-SemiBold.ttf */; };
		C62E9EF42873AC2E0048C8D4 /* LexendDeca-Bold.ttf in Resources */ = {isa = PBXBuildFile; fileRef = C62E9EF12873AC2E0048C8D4 /* LexendDeca-Bold.ttf */; };
		C62E9EF52873AC2E0048C8D4 /* LexendDeca-Regular.ttf in Resources */ = {isa = PBXBuildFile; fileRef = C62E9EF22873AC2E0048C8D4 /* LexendDeca-Regular.ttf */; };
		C62E9EF72873AF010048C8D4 /* Fonts.swift in Sources */ = {isa = PBXBuildFile; fileRef = C62E9EF62873AF010048C8D4 /* Fonts.swift */; };
		C62E9EFA2873B2F70048C8D4 /* CustomTabBar.swift in Sources */ = {isa = PBXBuildFile; fileRef = C62E9EF92873B2F70048C8D4 /* CustomTabBar.swift */; };
		C62E9EFC2873BB630048C8D4 /* TabBarButton.swift in Sources */ = {isa = PBXBuildFile; fileRef = C62E9EFB2873BB630048C8D4 /* TabBarButton.swift */; };
		C62E9EFE2873C92A0048C8D4 /* GoogleService-Info.plist in Resources */ = {isa = PBXBuildFile; fileRef = C62E9EFD2873C92A0048C8D4 /* GoogleService-Info.plist */; };
		C62E9F012873CB190048C8D4 /* FirebaseAuth in Frameworks */ = {isa = PBXBuildFile; productRef = C62E9F002873CB190048C8D4 /* FirebaseAuth */; };
		C62E9F032873CB190048C8D4 /* FirebaseFirestore in Frameworks */ = {isa = PBXBuildFile; productRef = C62E9F022873CB190048C8D4 /* FirebaseFirestore */; };
		C62E9F052873CB190048C8D4 /* FirebaseFirestoreSwift in Frameworks */ = {isa = PBXBuildFile; productRef = C62E9F042873CB190048C8D4 /* FirebaseFirestoreSwift */; };
		C62E9F072873CB190048C8D4 /* FirebaseStorage in Frameworks */ = {isa = PBXBuildFile; productRef = C62E9F062873CB190048C8D4 /* FirebaseStorage */; };
		C62E9F092873CBCA0048C8D4 /* AppDelegate.swift in Sources */ = {isa = PBXBuildFile; fileRef = C62E9F082873CBCA0048C8D4 /* AppDelegate.swift */; };
		C62E9F0B2873D3270048C8D4 /* AuthViewModel.swift in Sources */ = {isa = PBXBuildFile; fileRef = C62E9F0A2873D3270048C8D4 /* AuthViewModel.swift */; };
		C62E9F0E2873D6B80048C8D4 /* OnboardingContainerView.swift in Sources */ = {isa = PBXBuildFile; fileRef = C62E9F0D2873D6B80048C8D4 /* OnboardingContainerView.swift */; };
		C62E9F102873D85F0048C8D4 /* WelcomeView.swift in Sources */ = {isa = PBXBuildFile; fileRef = C62E9F0F2873D85F0048C8D4 /* WelcomeView.swift */; };
		C62E9F122873D88F0048C8D4 /* PhoneNumberView.swift in Sources */ = {isa = PBXBuildFile; fileRef = C62E9F112873D88F0048C8D4 /* PhoneNumberView.swift */; };
		C62E9F142873D8A40048C8D4 /* VerificationView.swift in Sources */ = {isa = PBXBuildFile; fileRef = C62E9F132873D8A40048C8D4 /* VerificationView.swift */; };
		C62E9F162873D8B00048C8D4 /* CreateProfileView.swift in Sources */ = {isa = PBXBuildFile; fileRef = C62E9F152873D8B00048C8D4 /* CreateProfileView.swift */; };
		C62E9F182873D8BF0048C8D4 /* SyncContactsView.swift in Sources */ = {isa = PBXBuildFile; fileRef = C62E9F172873D8BF0048C8D4 /* SyncContactsView.swift */; };
		C62E9F1A2873FF590048C8D4 /* OnboardingButtonStyle.swift in Sources */ = {isa = PBXBuildFile; fileRef = C62E9F192873FF590048C8D4 /* OnboardingButtonStyle.swift */; };
		C62E9F1C2874B52C0048C8D4 /* CreateProfileTextfieldStyle.swift in Sources */ = {isa = PBXBuildFile; fileRef = C62E9F1B2874B52C0048C8D4 /* CreateProfileTextfieldStyle.swift */; };
		C62E9F1E2874BE160048C8D4 /* ContactsViewModel.swift in Sources */ = {isa = PBXBuildFile; fileRef = C62E9F1D2874BE150048C8D4 /* ContactsViewModel.swift */; };
		C62E9F202874FA550048C8D4 /* User.swift in Sources */ = {isa = PBXBuildFile; fileRef = C62E9F1F2874FA550048C8D4 /* User.swift */; };
		C62E9F222874FD9A0048C8D4 /* DatabaseService.swift in Sources */ = {isa = PBXBuildFile; fileRef = C62E9F212874FD9A0048C8D4 /* DatabaseService.swift */; };
		C62E9F24287500AA0048C8D4 /* TextHelper.swift in Sources */ = {isa = PBXBuildFile; fileRef = C62E9F23287500AA0048C8D4 /* TextHelper.swift */; };
		C62E9F26287516560048C8D4 /* ImagePicker.swift in Sources */ = {isa = PBXBuildFile; fileRef = C62E9F25287516560048C8D4 /* ImagePicker.swift */; };
/* End PBXBuildFile section */

/* Begin PBXFileReference section */
		C62E9ED82873887A0048C8D4 /* Datafox Chat.app */ = {isa = PBXFileReference; explicitFileType = wrapper.application; includeInIndex = 0; path = "Datafox Chat.app"; sourceTree = BUILT_PRODUCTS_DIR; };
		C62E9EDB2873887A0048C8D4 /* Datafox_ChatApp.swift */ = {isa = PBXFileReference; lastKnownFileType = sourcecode.swift; path = Datafox_ChatApp.swift; sourceTree = "<group>"; };
		C62E9EDD2873887A0048C8D4 /* RootView.swift */ = {isa = PBXFileReference; lastKnownFileType = sourcecode.swift; path = RootView.swift; sourceTree = "<group>"; };
		C62E9EDF2873887C0048C8D4 /* Assets.xcassets */ = {isa = PBXFileReference; lastKnownFileType = folder.assetcatalog; path = Assets.xcassets; sourceTree = "<group>"; };
		C62E9EE22873887C0048C8D4 /* Preview Assets.xcassets */ = {isa = PBXFileReference; lastKnownFileType = folder.assetcatalog; path = "Preview Assets.xcassets"; sourceTree = "<group>"; };
		C62E9EEF2873A9520048C8D4 /* Datafox-Chat-Info.plist */ = {isa = PBXFileReference; lastKnownFileType = text.plist.xml; path = "Datafox-Chat-Info.plist"; sourceTree = SOURCE_ROOT; };
		C62E9EF02873AC2E0048C8D4 /* LexendDeca-SemiBold.ttf */ = {isa = PBXFileReference; lastKnownFileType = file; path = "LexendDeca-SemiBold.ttf"; sourceTree = "<group>"; };
		C62E9EF12873AC2E0048C8D4 /* LexendDeca-Bold.ttf */ = {isa = PBXFileReference; lastKnownFileType = file; path = "LexendDeca-Bold.ttf"; sourceTree = "<group>"; };
		C62E9EF22873AC2E0048C8D4 /* LexendDeca-Regular.ttf */ = {isa = PBXFileReference; lastKnownFileType = file; path = "LexendDeca-Regular.ttf"; sourceTree = "<group>"; };
		C62E9EF62873AF010048C8D4 /* Fonts.swift */ = {isa = PBXFileReference; lastKnownFileType = sourcecode.swift; path = Fonts.swift; sourceTree = "<group>"; };
		C62E9EF92873B2F70048C8D4 /* CustomTabBar.swift */ = {isa = PBXFileReference; lastKnownFileType = sourcecode.swift; path = CustomTabBar.swift; sourceTree = "<group>"; };
		C62E9EFB2873BB630048C8D4 /* TabBarButton.swift */ = {isa = PBXFileReference; lastKnownFileType = sourcecode.swift; path = TabBarButton.swift; sourceTree = "<group>"; };
		C62E9EFD2873C92A0048C8D4 /* GoogleService-Info.plist */ = {isa = PBXFileReference; fileEncoding = 4; lastKnownFileType = text.plist.xml; path = "GoogleService-Info.plist"; sourceTree = "<group>"; };
		C62E9F082873CBCA0048C8D4 /* AppDelegate.swift */ = {isa = PBXFileReference; lastKnownFileType = sourcecode.swift; path = AppDelegate.swift; sourceTree = "<group>"; };
		C62E9F0A2873D3270048C8D4 /* AuthViewModel.swift */ = {isa = PBXFileReference; lastKnownFileType = sourcecode.swift; path = AuthViewModel.swift; sourceTree = "<group>"; };
		C62E9F0D2873D6B80048C8D4 /* OnboardingContainerView.swift */ = {isa = PBXFileReference; lastKnownFileType = sourcecode.swift; path = OnboardingContainerView.swift; sourceTree = "<group>"; };
		C62E9F0F2873D85F0048C8D4 /* WelcomeView.swift */ = {isa = PBXFileReference; lastKnownFileType = sourcecode.swift; path = WelcomeView.swift; sourceTree = "<group>"; };
		C62E9F112873D88F0048C8D4 /* PhoneNumberView.swift */ = {isa = PBXFileReference; lastKnownFileType = sourcecode.swift; path = PhoneNumberView.swift; sourceTree = "<group>"; };
		C62E9F132873D8A40048C8D4 /* VerificationView.swift */ = {isa = PBXFileReference; lastKnownFileType = sourcecode.swift; path = VerificationView.swift; sourceTree = "<group>"; };
		C62E9F152873D8B00048C8D4 /* CreateProfileView.swift */ = {isa = PBXFileReference; lastKnownFileType = sourcecode.swift; path = CreateProfileView.swift; sourceTree = "<group>"; };
		C62E9F172873D8BF0048C8D4 /* SyncContactsView.swift */ = {isa = PBXFileReference; lastKnownFileType = sourcecode.swift; path = SyncContactsView.swift; sourceTree = "<group>"; };
		C62E9F192873FF590048C8D4 /* OnboardingButtonStyle.swift */ = {isa = PBXFileReference; lastKnownFileType = sourcecode.swift; path = OnboardingButtonStyle.swift; sourceTree = "<group>"; };
		C62E9F1B2874B52C0048C8D4 /* CreateProfileTextfieldStyle.swift */ = {isa = PBXFileReference; lastKnownFileType = sourcecode.swift; path = CreateProfileTextfieldStyle.swift; sourceTree = "<group>"; };
		C62E9F1D2874BE150048C8D4 /* ContactsViewModel.swift */ = {isa = PBXFileReference; lastKnownFileType = sourcecode.swift; path = ContactsViewModel.swift; sourceTree = "<group>"; };
		C62E9F1F2874FA550048C8D4 /* User.swift */ = {isa = PBXFileReference; lastKnownFileType = sourcecode.swift; path = User.swift; sourceTree = "<group>"; };
		C62E9F212874FD9A0048C8D4 /* DatabaseService.swift */ = {isa = PBXFileReference; lastKnownFileType = sourcecode.swift; path = DatabaseService.swift; sourceTree = "<group>"; };
		C62E9F23287500AA0048C8D4 /* TextHelper.swift */ = {isa = PBXFileReference; lastKnownFileType = sourcecode.swift; path = TextHelper.swift; sourceTree = "<group>"; };
		C62E9F25287516560048C8D4 /* ImagePicker.swift */ = {isa = PBXFileReference; fileEncoding = 4; lastKnownFileType = sourcecode.swift; path = ImagePicker.swift; sourceTree = "<group>"; };
/* End PBXFileReference section */

/* Begin PBXFrameworksBuildPhase section */
		C62E9ED52873887A0048C8D4 /* Frameworks */ = {
			isa = PBXFrameworksBuildPhase;
			buildActionMask = 2147483647;
			files = (
				C62E9F012873CB190048C8D4 /* FirebaseAuth in Frameworks */,
				C62E9F072873CB190048C8D4 /* FirebaseStorage in Frameworks */,
				C62E9F032873CB190048C8D4 /* FirebaseFirestore in Frameworks */,
				C62E9F052873CB190048C8D4 /* FirebaseFirestoreSwift in Frameworks */,
			);
			runOnlyForDeploymentPostprocessing = 0;
		};
/* End PBXFrameworksBuildPhase section */

/* Begin PBXGroup section */
		C62E9ECF2873887A0048C8D4 = {
			isa = PBXGroup;
			children = (
				C62E9EDA2873887A0048C8D4 /* Datafox Chat */,
				C62E9ED92873887A0048C8D4 /* Products */,
			);
			sourceTree = "<group>";
		};
		C62E9ED92873887A0048C8D4 /* Products */ = {
			isa = PBXGroup;
			children = (
				C62E9ED82873887A0048C8D4 /* Datafox Chat.app */,
			);
			name = Products;
			sourceTree = "<group>";
		};
		C62E9EDA2873887A0048C8D4 /* Datafox Chat */ = {
			isa = PBXGroup;
			children = (
				C62E9EFD2873C92A0048C8D4 /* GoogleService-Info.plist */,
				C62E9EEF2873A9520048C8D4 /* Datafox-Chat-Info.plist */,
				C62E9EDB2873887A0048C8D4 /* Datafox_ChatApp.swift */,
				C62E9F082873CBCA0048C8D4 /* AppDelegate.swift */,
				C62E9EEE28738A970048C8D4 /* Views */,
				C62E9EED28738A8F0048C8D4 /* ViewModels */,
				C62E9EEC28738A8A0048C8D4 /* Models */,
				C62E9EEB28738A7D0048C8D4 /* Services */,
				C62E9EEA28738A780048C8D4 /* Helpers */,
				C62E9EE928738A5B0048C8D4 /* Fonts */,
				C62E9EDF2873887C0048C8D4 /* Assets.xcassets */,
				C62E9EE12873887C0048C8D4 /* Preview Content */,
			);
			path = "Datafox Chat";
			sourceTree = "<group>";
		};
		C62E9EE12873887C0048C8D4 /* Preview Content */ = {
			isa = PBXGroup;
			children = (
				C62E9EE22873887C0048C8D4 /* Preview Assets.xcassets */,
			);
			path = "Preview Content";
			sourceTree = "<group>";
		};
		C62E9EE928738A5B0048C8D4 /* Fonts */ = {
			isa = PBXGroup;
			children = (
				C62E9EF12873AC2E0048C8D4 /* LexendDeca-Bold.ttf */,
				C62E9EF22873AC2E0048C8D4 /* LexendDeca-Regular.ttf */,
				C62E9EF02873AC2E0048C8D4 /* LexendDeca-SemiBold.ttf */,
			);
			path = Fonts;
			sourceTree = "<group>";
		};
		C62E9EEA28738A780048C8D4 /* Helpers */ = {
			isa = PBXGroup;
			children = (
				C62E9EF62873AF010048C8D4 /* Fonts.swift */,
				C62E9F192873FF590048C8D4 /* OnboardingButtonStyle.swift */,
				C62E9F1B2874B52C0048C8D4 /* CreateProfileTextfieldStyle.swift */,
				C62E9F23287500AA0048C8D4 /* TextHelper.swift */,
			);
			path = Helpers;
			sourceTree = "<group>";
		};
		C62E9EEB28738A7D0048C8D4 /* Services */ = {
			isa = PBXGroup;
			children = (
				C62E9F212874FD9A0048C8D4 /* DatabaseService.swift */,
			);
			path = Services;
			sourceTree = "<group>";
		};
		C62E9EEC28738A8A0048C8D4 /* Models */ = {
			isa = PBXGroup;
			children = (
				C62E9F1F2874FA550048C8D4 /* User.swift */,
			);
			path = Models;
			sourceTree = "<group>";
		};
		C62E9EED28738A8F0048C8D4 /* ViewModels */ = {
			isa = PBXGroup;
			children = (
				C62E9F0A2873D3270048C8D4 /* AuthViewModel.swift */,
				C62E9F1D2874BE150048C8D4 /* ContactsViewModel.swift */,
			);
			path = ViewModels;
			sourceTree = "<group>";
		};
		C62E9EEE28738A970048C8D4 /* Views */ = {
			isa = PBXGroup;
			children = (
				C62E9EDD2873887A0048C8D4 /* RootView.swift */,
				C62E9F0C2873D6A20048C8D4 /* Onboarding */,
				C62E9EF82873B2E40048C8D4 /* Custom Tab Bar */,
			);
			path = Views;
			sourceTree = "<group>";
		};
		C62E9EF82873B2E40048C8D4 /* Custom Tab Bar */ = {
			isa = PBXGroup;
			children = (
				C62E9EF92873B2F70048C8D4 /* CustomTabBar.swift */,
				C62E9EFB2873BB630048C8D4 /* TabBarButton.swift */,
			);
			path = "Custom Tab Bar";
			sourceTree = "<group>";
		};
		C62E9F0C2873D6A20048C8D4 /* Onboarding */ = {
			isa = PBXGroup;
			children = (
				C62E9F0D2873D6B80048C8D4 /* OnboardingContainerView.swift */,
				C62E9F0F2873D85F0048C8D4 /* WelcomeView.swift */,
				C62E9F112873D88F0048C8D4 /* PhoneNumberView.swift */,
				C62E9F132873D8A40048C8D4 /* VerificationView.swift */,
				C62E9F152873D8B00048C8D4 /* CreateProfileView.swift */,
				C62E9F172873D8BF0048C8D4 /* SyncContactsView.swift */,
				C62E9F25287516560048C8D4 /* ImagePicker.swift */,
			);
			path = Onboarding;
			sourceTree = "<group>";
		};
/* End PBXGroup section */

/* Begin PBXNativeTarget section */
		C62E9ED72873887A0048C8D4 /* Datafox Chat */ = {
			isa = PBXNativeTarget;
			buildConfigurationList = C62E9EE62873887C0048C8D4 /* Build configuration list for PBXNativeTarget "Datafox Chat" */;
			buildPhases = (
				C62E9ED42873887A0048C8D4 /* Sources */,
				C62E9ED52873887A0048C8D4 /* Frameworks */,
				C62E9ED62873887A0048C8D4 /* Resources */,
			);
			buildRules = (
			);
			dependencies = (
			);
			name = "Datafox Chat";
			packageProductDependencies = (
				C62E9F002873CB190048C8D4 /* FirebaseAuth */,
				C62E9F022873CB190048C8D4 /* FirebaseFirestore */,
				C62E9F042873CB190048C8D4 /* FirebaseFirestoreSwift */,
				C62E9F062873CB190048C8D4 /* FirebaseStorage */,
			);
			productName = "Datafox Chat";
			productReference = C62E9ED82873887A0048C8D4 /* Datafox Chat.app */;
			productType = "com.apple.product-type.application";
		};
/* End PBXNativeTarget section */

/* Begin PBXProject section */
		C62E9ED02873887A0048C8D4 /* Project object */ = {
			isa = PBXProject;
			attributes = {
				BuildIndependentTargetsInParallel = 1;
				LastSwiftUpdateCheck = 1340;
				LastUpgradeCheck = 1340;
				TargetAttributes = {
					C62E9ED72873887A0048C8D4 = {
						CreatedOnToolsVersion = 13.4.1;
					};
				};
			};
			buildConfigurationList = C62E9ED32873887A0048C8D4 /* Build configuration list for PBXProject "Datafox Chat" */;
			compatibilityVersion = "Xcode 13.0";
			developmentRegion = en;
			hasScannedForEncodings = 0;
			knownRegions = (
				en,
				Base,
			);
			mainGroup = C62E9ECF2873887A0048C8D4;
			packageReferences = (
				C62E9EFF2873CB190048C8D4 /* XCRemoteSwiftPackageReference "firebase-ios-sdk" */,
			);
			productRefGroup = C62E9ED92873887A0048C8D4 /* Products */;
			projectDirPath = "";
			projectRoot = "";
			targets = (
				C62E9ED72873887A0048C8D4 /* Datafox Chat */,
			);
		};
/* End PBXProject section */

/* Begin PBXResourcesBuildPhase section */
		C62E9ED62873887A0048C8D4 /* Resources */ = {
			isa = PBXResourcesBuildPhase;
			buildActionMask = 2147483647;
			files = (
				C62E9EF52873AC2E0048C8D4 /* LexendDeca-Regular.ttf in Resources */,
				C62E9EE32873887C0048C8D4 /* Preview Assets.xcassets in Resources */,
				C62E9EE02873887C0048C8D4 /* Assets.xcassets in Resources */,
				C62E9EF42873AC2E0048C8D4 /* LexendDeca-Bold.ttf in Resources */,
				C62E9EF32873AC2E0048C8D4 /* LexendDeca-SemiBold.ttf in Resources */,
				C62E9EFE2873C92A0048C8D4 /* GoogleService-Info.plist in Resources */,
			);
			runOnlyForDeploymentPostprocessing = 0;
		};
/* End PBXResourcesBuildPhase section */

/* Begin PBXSourcesBuildPhase section */
		C62E9ED42873887A0048C8D4 /* Sources */ = {
			isa = PBXSourcesBuildPhase;
			buildActionMask = 2147483647;
			files = (
				C62E9F222874FD9A0048C8D4 /* DatabaseService.swift in Sources */,
				C62E9F1C2874B52C0048C8D4 /* CreateProfileTextfieldStyle.swift in Sources */,
				C62E9F182873D8BF0048C8D4 /* SyncContactsView.swift in Sources */,
				C62E9F092873CBCA0048C8D4 /* AppDelegate.swift in Sources */,
				C62E9F24287500AA0048C8D4 /* TextHelper.swift in Sources */,
				C62E9EFA2873B2F70048C8D4 /* CustomTabBar.swift in Sources */,
				C62E9F0E2873D6B80048C8D4 /* OnboardingContainerView.swift in Sources */,
				C62E9F1A2873FF590048C8D4 /* OnboardingButtonStyle.swift in Sources */,
				C62E9EDE2873887A0048C8D4 /* RootView.swift in Sources */,
				C62E9F202874FA550048C8D4 /* User.swift in Sources */,
				C62E9F102873D85F0048C8D4 /* WelcomeView.swift in Sources */,
				C62E9F0B2873D3270048C8D4 /* AuthViewModel.swift in Sources */,
				C62E9F162873D8B00048C8D4 /* CreateProfileView.swift in Sources */,
				C62E9F122873D88F0048C8D4 /* PhoneNumberView.swift in Sources */,
				C62E9EF72873AF010048C8D4 /* Fonts.swift in Sources */,
				C62E9F142873D8A40048C8D4 /* VerificationView.swift in Sources */,
				C62E9F1E2874BE160048C8D4 /* ContactsViewModel.swift in Sources */,
				C62E9F26287516560048C8D4 /* ImagePicker.swift in Sources */,
				C62E9EFC2873BB630048C8D4 /* TabBarButton.swift in Sources */,
				C62E9EDC2873887A0048C8D4 /* Datafox_ChatApp.swift in Sources */,
			);
			runOnlyForDeploymentPostprocessing = 0;
		};
/* End PBXSourcesBuildPhase section */

/* Begin XCBuildConfiguration section */
		C62E9EE42873887C0048C8D4 /* Debug */ = {
			isa = XCBuildConfiguration;
			buildSettings = {
				ALWAYS_SEARCH_USER_PATHS = NO;
				CLANG_ANALYZER_NONNULL = YES;
				CLANG_ANALYZER_NUMBER_OBJECT_CONVERSION = YES_AGGRESSIVE;
				CLANG_CXX_LANGUAGE_STANDARD = "gnu++17";
				CLANG_ENABLE_MODULES = YES;
				CLANG_ENABLE_OBJC_ARC = YES;
				CLANG_ENABLE_OBJC_WEAK = YES;
				CLANG_WARN_BLOCK_CAPTURE_AUTORELEASING = YES;
				CLANG_WARN_BOOL_CONVERSION = YES;
				CLANG_WARN_COMMA = YES;
				CLANG_WARN_CONSTANT_CONVERSION = YES;
				CLANG_WARN_DEPRECATED_OBJC_IMPLEMENTATIONS = YES;
				CLANG_WARN_DIRECT_OBJC_ISA_USAGE = YES_ERROR;
				CLANG_WARN_DOCUMENTATION_COMMENTS = YES;
				CLANG_WARN_EMPTY_BODY = YES;
				CLANG_WARN_ENUM_CONVERSION = YES;
				CLANG_WARN_INFINITE_RECURSION = YES;
				CLANG_WARN_INT_CONVERSION = YES;
				CLANG_WARN_NON_LITERAL_NULL_CONVERSION = YES;
				CLANG_WARN_OBJC_IMPLICIT_RETAIN_SELF = YES;
				CLANG_WARN_OBJC_LITERAL_CONVERSION = YES;
				CLANG_WARN_OBJC_ROOT_CLASS = YES_ERROR;
				CLANG_WARN_QUOTED_INCLUDE_IN_FRAMEWORK_HEADER = YES;
				CLANG_WARN_RANGE_LOOP_ANALYSIS = YES;
				CLANG_WARN_STRICT_PROTOTYPES = YES;
				CLANG_WARN_SUSPICIOUS_MOVE = YES;
				CLANG_WARN_UNGUARDED_AVAILABILITY = YES_AGGRESSIVE;
				CLANG_WARN_UNREACHABLE_CODE = YES;
				CLANG_WARN__DUPLICATE_METHOD_MATCH = YES;
				COPY_PHASE_STRIP = NO;
				DEBUG_INFORMATION_FORMAT = dwarf;
				ENABLE_STRICT_OBJC_MSGSEND = YES;
				ENABLE_TESTABILITY = YES;
				GCC_C_LANGUAGE_STANDARD = gnu11;
				GCC_DYNAMIC_NO_PIC = NO;
				GCC_NO_COMMON_BLOCKS = YES;
				GCC_OPTIMIZATION_LEVEL = 0;
				GCC_PREPROCESSOR_DEFINITIONS = (
					"DEBUG=1",
					"$(inherited)",
				);
				GCC_WARN_64_TO_32_BIT_CONVERSION = YES;
				GCC_WARN_ABOUT_RETURN_TYPE = YES_ERROR;
				GCC_WARN_UNDECLARED_SELECTOR = YES;
				GCC_WARN_UNINITIALIZED_AUTOS = YES_AGGRESSIVE;
				GCC_WARN_UNUSED_FUNCTION = YES;
				GCC_WARN_UNUSED_VARIABLE = YES;
				IPHONEOS_DEPLOYMENT_TARGET = 15.5;
				MTL_ENABLE_DEBUG_INFO = INCLUDE_SOURCE;
				MTL_FAST_MATH = YES;
				ONLY_ACTIVE_ARCH = YES;
				SDKROOT = iphoneos;
				SWIFT_ACTIVE_COMPILATION_CONDITIONS = DEBUG;
				SWIFT_OPTIMIZATION_LEVEL = "-Onone";
			};
			name = Debug;
		};
		C62E9EE52873887C0048C8D4 /* Release */ = {
			isa = XCBuildConfiguration;
			buildSettings = {
				ALWAYS_SEARCH_USER_PATHS = NO;
				CLANG_ANALYZER_NONNULL = YES;
				CLANG_ANALYZER_NUMBER_OBJECT_CONVERSION = YES_AGGRESSIVE;
				CLANG_CXX_LANGUAGE_STANDARD = "gnu++17";
				CLANG_ENABLE_MODULES = YES;
				CLANG_ENABLE_OBJC_ARC = YES;
				CLANG_ENABLE_OBJC_WEAK = YES;
				CLANG_WARN_BLOCK_CAPTURE_AUTORELEASING = YES;
				CLANG_WARN_BOOL_CONVERSION = YES;
				CLANG_WARN_COMMA = YES;
				CLANG_WARN_CONSTANT_CONVERSION = YES;
				CLANG_WARN_DEPRECATED_OBJC_IMPLEMENTATIONS = YES;
				CLANG_WARN_DIRECT_OBJC_ISA_USAGE = YES_ERROR;
				CLANG_WARN_DOCUMENTATION_COMMENTS = YES;
				CLANG_WARN_EMPTY_BODY = YES;
				CLANG_WARN_ENUM_CONVERSION = YES;
				CLANG_WARN_INFINITE_RECURSION = YES;
				CLANG_WARN_INT_CONVERSION = YES;
				CLANG_WARN_NON_LITERAL_NULL_CONVERSION = YES;
				CLANG_WARN_OBJC_IMPLICIT_RETAIN_SELF = YES;
				CLANG_WARN_OBJC_LITERAL_CONVERSION = YES;
				CLANG_WARN_OBJC_ROOT_CLASS = YES_ERROR;
				CLANG_WARN_QUOTED_INCLUDE_IN_FRAMEWORK_HEADER = YES;
				CLANG_WARN_RANGE_LOOP_ANALYSIS = YES;
				CLANG_WARN_STRICT_PROTOTYPES = YES;
				CLANG_WARN_SUSPICIOUS_MOVE = YES;
				CLANG_WARN_UNGUARDED_AVAILABILITY = YES_AGGRESSIVE;
				CLANG_WARN_UNREACHABLE_CODE = YES;
				CLANG_WARN__DUPLICATE_METHOD_MATCH = YES;
				COPY_PHASE_STRIP = NO;
				DEBUG_INFORMATION_FORMAT = "dwarf-with-dsym";
				ENABLE_NS_ASSERTIONS = NO;
				ENABLE_STRICT_OBJC_MSGSEND = YES;
				GCC_C_LANGUAGE_STANDARD = gnu11;
				GCC_NO_COMMON_BLOCKS = YES;
				GCC_WARN_64_TO_32_BIT_CONVERSION = YES;
				GCC_WARN_ABOUT_RETURN_TYPE = YES_ERROR;
				GCC_WARN_UNDECLARED_SELECTOR = YES;
				GCC_WARN_UNINITIALIZED_AUTOS = YES_AGGRESSIVE;
				GCC_WARN_UNUSED_FUNCTION = YES;
				GCC_WARN_UNUSED_VARIABLE = YES;
				IPHONEOS_DEPLOYMENT_TARGET = 15.5;
				MTL_ENABLE_DEBUG_INFO = NO;
				MTL_FAST_MATH = YES;
				SDKROOT = iphoneos;
				SWIFT_COMPILATION_MODE = wholemodule;
				SWIFT_OPTIMIZATION_LEVEL = "-O";
				VALIDATE_PRODUCT = YES;
			};
			name = Release;
		};
		C62E9EE72873887C0048C8D4 /* Debug */ = {
			isa = XCBuildConfiguration;
			buildSettings = {
				ASSETCATALOG_COMPILER_APPICON_NAME = AppIcon;
				ASSETCATALOG_COMPILER_GLOBAL_ACCENT_COLOR_NAME = AccentColor;
				CODE_SIGN_STYLE = Automatic;
				CURRENT_PROJECT_VERSION = 1;
				DEVELOPMENT_ASSET_PATHS = "\"Datafox Chat/Preview Content\"";
				DEVELOPMENT_TEAM = T2Q4YR3P44;
				ENABLE_PREVIEWS = YES;
				GENERATE_INFOPLIST_FILE = YES;
				INFOPLIST_FILE = "Datafox-Chat-Info.plist";
				INFOPLIST_KEY_UIApplicationSceneManifest_Generation = YES;
				INFOPLIST_KEY_UIApplicationSupportsIndirectInputEvents = YES;
				INFOPLIST_KEY_UILaunchScreen_Generation = YES;
				INFOPLIST_KEY_UISupportedInterfaceOrientations_iPad = "UIInterfaceOrientationPortrait UIInterfaceOrientationPortraitUpsideDown UIInterfaceOrientationLandscapeLeft UIInterfaceOrientationLandscapeRight";
				INFOPLIST_KEY_UISupportedInterfaceOrientations_iPhone = "UIInterfaceOrientationPortrait UIInterfaceOrientationLandscapeLeft UIInterfaceOrientationLandscapeRight";
				LD_RUNPATH_SEARCH_PATHS = (
					"$(inherited)",
					"@executable_path/Frameworks",
				);
				MARKETING_VERSION = 1.0;
				PRODUCT_BUNDLE_IDENTIFIER = "mx.datafox.Datafox-Chat";
				PRODUCT_NAME = "$(TARGET_NAME)";
				SWIFT_EMIT_LOC_STRINGS = YES;
				SWIFT_VERSION = 5.0;
				TARGETED_DEVICE_FAMILY = "1,2";
			};
			name = Debug;
		};
		C62E9EE82873887C0048C8D4 /* Release */ = {
			isa = XCBuildConfiguration;
			buildSettings = {
				ASSETCATALOG_COMPILER_APPICON_NAME = AppIcon;
				ASSETCATALOG_COMPILER_GLOBAL_ACCENT_COLOR_NAME = AccentColor;
				CODE_SIGN_STYLE = Automatic;
				CURRENT_PROJECT_VERSION = 1;
				DEVELOPMENT_ASSET_PATHS = "\"Datafox Chat/Preview Content\"";
				DEVELOPMENT_TEAM = T2Q4YR3P44;
				ENABLE_PREVIEWS = YES;
				GENERATE_INFOPLIST_FILE = YES;
				INFOPLIST_FILE = "Datafox-Chat-Info.plist";
				INFOPLIST_KEY_UIApplicationSceneManifest_Generation = YES;
				INFOPLIST_KEY_UIApplicationSupportsIndirectInputEvents = YES;
				INFOPLIST_KEY_UILaunchScreen_Generation = YES;
				INFOPLIST_KEY_UISupportedInterfaceOrientations_iPad = "UIInterfaceOrientationPortrait UIInterfaceOrientationPortraitUpsideDown UIInterfaceOrientationLandscapeLeft UIInterfaceOrientationLandscapeRight";
				INFOPLIST_KEY_UISupportedInterfaceOrientations_iPhone = "UIInterfaceOrientationPortrait UIInterfaceOrientationLandscapeLeft UIInterfaceOrientationLandscapeRight";
				LD_RUNPATH_SEARCH_PATHS = (
					"$(inherited)",
					"@executable_path/Frameworks",
				);
				MARKETING_VERSION = 1.0;
				PRODUCT_BUNDLE_IDENTIFIER = "mx.datafox.Datafox-Chat";
				PRODUCT_NAME = "$(TARGET_NAME)";
				SWIFT_EMIT_LOC_STRINGS = YES;
				SWIFT_VERSION = 5.0;
				TARGETED_DEVICE_FAMILY = "1,2";
			};
			name = Release;
		};
/* End XCBuildConfiguration section */

/* Begin XCConfigurationList section */
		C62E9ED32873887A0048C8D4 /* Build configuration list for PBXProject "Datafox Chat" */ = {
			isa = XCConfigurationList;
			buildConfigurations = (
				C62E9EE42873887C0048C8D4 /* Debug */,
				C62E9EE52873887C0048C8D4 /* Release */,
			);
			defaultConfigurationIsVisible = 0;
			defaultConfigurationName = Release;
		};
		C62E9EE62873887C0048C8D4 /* Build configuration list for PBXNativeTarget "Datafox Chat" */ = {
			isa = XCConfigurationList;
			buildConfigurations = (
				C62E9EE72873887C0048C8D4 /* Debug */,
				C62E9EE82873887C0048C8D4 /* Release */,
			);
			defaultConfigurationIsVisible = 0;
			defaultConfigurationName = Release;
		};
/* End XCConfigurationList section */

/* Begin XCRemoteSwiftPackageReference section */
		C62E9EFF2873CB190048C8D4 /* XCRemoteSwiftPackageReference "firebase-ios-sdk" */ = {
			isa = XCRemoteSwiftPackageReference;
			repositoryURL = "https://github.com/firebase/firebase-ios-sdk";
			requirement = {
				kind = upToNextMajorVersion;
				minimumVersion = 9.0.0;
			};
		};
/* End XCRemoteSwiftPackageReference section */

/* Begin XCSwiftPackageProductDependency section */
		C62E9F002873CB190048C8D4 /* FirebaseAuth */ = {
			isa = XCSwiftPackageProductDependency;
			package = C62E9EFF2873CB190048C8D4 /* XCRemoteSwiftPackageReference "firebase-ios-sdk" */;
			productName = FirebaseAuth;
		};
		C62E9F022873CB190048C8D4 /* FirebaseFirestore */ = {
			isa = XCSwiftPackageProductDependency;
			package = C62E9EFF2873CB190048C8D4 /* XCRemoteSwiftPackageReference "firebase-ios-sdk" */;
			productName = FirebaseFirestore;
		};
		C62E9F042873CB190048C8D4 /* FirebaseFirestoreSwift */ = {
			isa = XCSwiftPackageProductDependency;
			package = C62E9EFF2873CB190048C8D4 /* XCRemoteSwiftPackageReference "firebase-ios-sdk" */;
			productName = FirebaseFirestoreSwift;
		};
		C62E9F062873CB190048C8D4 /* FirebaseStorage */ = {
			isa = XCSwiftPackageProductDependency;
			package = C62E9EFF2873CB190048C8D4 /* XCRemoteSwiftPackageReference "firebase-ios-sdk" */;
			productName = FirebaseStorage;
		};
/* End XCSwiftPackageProductDependency section */
	};
	rootObject = C62E9ED02873887A0048C8D4 /* Project object */;
}
